// !$*UTF8*$!
{
	archiveVersion = 1;
	classes = {
	};
	objectVersion = 50;
	objects = {

/* Begin PBXBuildFile section */
		ABA26DAA24EA7F8F003E9872 /* AppDelegate.swift in Sources */ = {isa = PBXBuildFile; fileRef = ABA26DA924EA7F8F003E9872 /* AppDelegate.swift */; };
		ABA26DAC24EA7F8F003E9872 /* SceneDelegate.swift in Sources */ = {isa = PBXBuildFile; fileRef = ABA26DAB24EA7F8F003E9872 /* SceneDelegate.swift */; };
		ABA26DAE24EA7F8F003E9872 /* ViewController.swift in Sources */ = {isa = PBXBuildFile; fileRef = ABA26DAD24EA7F8F003E9872 /* ViewController.swift */; };
		ABA26DB124EA7F8F003E9872 /* Main.storyboard in Resources */ = {isa = PBXBuildFile; fileRef = ABA26DAF24EA7F8F003E9872 /* Main.storyboard */; };
		ABA26DB324EA7F91003E9872 /* Assets.xcassets in Resources */ = {isa = PBXBuildFile; fileRef = ABA26DB224EA7F91003E9872 /* Assets.xcassets */; };
		ABA26DB624EA7F91003E9872 /* LaunchScreen.storyboard in Resources */ = {isa = PBXBuildFile; fileRef = ABA26DB424EA7F91003E9872 /* LaunchScreen.storyboard */; };
		ABA26DC224EA9E99003E9872 /* martTableViewController.swift in Sources */ = {isa = PBXBuildFile; fileRef = ABA26DC124EA9E99003E9872 /* martTableViewController.swift */; };
/* End PBXBuildFile section */

/* Begin PBXFileReference section */
		ABA26DA624EA7F8F003E9872 /* shopping.app */ = {isa = PBXFileReference; explicitFileType = wrapper.application; includeInIndex = 0; path = shopping.app; sourceTree = BUILT_PRODUCTS_DIR; };
		ABA26DA924EA7F8F003E9872 /* AppDelegate.swift */ = {isa = PBXFileReference; lastKnownFileType = sourcecode.swift; path = AppDelegate.swift; sourceTree = "<group>"; };
		ABA26DAB24EA7F8F003E9872 /* SceneDelegate.swift */ = {isa = PBXFileReference; lastKnownFileType = sourcecode.swift; path = SceneDelegate.swift; sourceTree = "<group>"; };
		ABA26DAD24EA7F8F003E9872 /* ViewController.swift */ = {isa = PBXFileReference; lastKnownFileType = sourcecode.swift; path = ViewController.swift; sourceTree = "<group>"; };
		ABA26DB024EA7F8F003E9872 /* Base */ = {isa = PBXFileReference; lastKnownFileType = file.storyboard; name = Base; path = Base.lproj/Main.storyboard; sourceTree = "<group>"; };
		ABA26DB224EA7F91003E9872 /* Assets.xcassets */ = {isa = PBXFileReference; lastKnownFileType = folder.assetcatalog; path = Assets.xcassets; sourceTree = "<group>"; };
		ABA26DB524EA7F91003E9872 /* Base */ = {isa = PBXFileReference; lastKnownFileType = file.storyboard; name = Base; path = Base.lproj/LaunchScreen.storyboard; sourceTree = "<group>"; };
		ABA26DB724EA7F91003E9872 /* Info.plist */ = {isa = PBXFileReference; lastKnownFileType = text.plist.xml; path = Info.plist; sourceTree = "<group>"; };
		ABA26DC124EA9E99003E9872 /* martTableViewController.swift */ = {isa = PBXFileReference; lastKnownFileType = sourcecode.swift; path = martTableViewController.swift; sourceTree = "<group>"; };
/* End PBXFileReference section */

/* Begin PBXFrameworksBuildPhase section */
		ABA26DA324EA7F8F003E9872 /* Frameworks */ = {
			isa = PBXFrameworksBuildPhase;
			buildActionMask = 2147483647;
			files = (
			);
			runOnlyForDeploymentPostprocessing = 0;
		};
/* End PBXFrameworksBuildPhase section */

/* Begin PBXGroup section */
		ABA26D9D24EA7F8F003E9872 = {
			isa = PBXGroup;
			children = (
				ABA26DA824EA7F8F003E9872 /* shopping */,
				ABA26DA724EA7F8F003E9872 /* Products */,
			);
			sourceTree = "<group>";
		};
		ABA26DA724EA7F8F003E9872 /* Products */ = {
			isa = PBXGroup;
			children = (
				ABA26DA624EA7F8F003E9872 /* shopping.app */,
			);
			name = Products;
			sourceTree = "<group>";
		};
		ABA26DA824EA7F8F003E9872 /* shopping */ = {
			isa = PBXGroup;
			children = (
				ABA26DA924EA7F8F003E9872 /* AppDelegate.swift */,
				ABA26DAB24EA7F8F003E9872 /* SceneDelegate.swift */,
				ABA26DAD24EA7F8F003E9872 /* ViewController.swift */,
				ABA26DAF24EA7F8F003E9872 /* Main.storyboard */,
				ABA26DC124EA9E99003E9872 /* martTableViewController.swift */,
				ABA26DB224EA7F91003E9872 /* Assets.xcassets */,
				ABA26DB424EA7F91003E9872 /* LaunchScreen.storyboard */,
				ABA26DB724EA7F91003E9872 /* Info.plist */,
			);
			path = shopping;
			sourceTree = "<group>";
		};
/* End PBXGroup section */

/* Begin PBXNativeTarget section */
		ABA26DA524EA7F8F003E9872 /* shopping */ = {
			isa = PBXNativeTarget;
			buildConfigurationList = ABA26DBA24EA7F91003E9872 /* Build configuration list for PBXNativeTarget "shopping" */;
			buildPhases = (
				ABA26DA224EA7F8F003E9872 /* Sources */,
				ABA26DA324EA7F8F003E9872 /* Frameworks */,
				ABA26DA424EA7F8F003E9872 /* Resources */,
			);
			buildRules = (
			);
			dependencies = (
			);
			name = shopping;
			productName = shopping;
			productReference = ABA26DA624EA7F8F003E9872 /* shopping.app */;
			productType = "com.apple.product-type.application";
		};
/* End PBXNativeTarget section */

/* Begin PBXProject section */
		ABA26D9E24EA7F8F003E9872 /* Project object */ = {
			isa = PBXProject;
			attributes = {
				LastSwiftUpdateCheck = 1200;
				LastUpgradeCheck = 1200;
				TargetAttributes = {
					ABA26DA524EA7F8F003E9872 = {
						CreatedOnToolsVersion = 12.0;
					};
				};
			};
			buildConfigurationList = ABA26DA124EA7F8F003E9872 /* Build configuration list for PBXProject "shopping" */;
			compatibilityVersion = "Xcode 9.3";
			developmentRegion = en;
			hasScannedForEncodings = 0;
			knownRegions = (
				en,
				Base,
			);
			mainGroup = ABA26D9D24EA7F8F003E9872;
			productRefGroup = ABA26DA724EA7F8F003E9872 /* Products */;
			projectDirPath = "";
			projectRoot = "";
			targets = (
				ABA26DA524EA7F8F003E9872 /* shopping */,
			);
		};
/* End PBXProject section */

/* Begin PBXResourcesBuildPhase section */
		ABA26DA424EA7F8F003E9872 /* Resources */ = {
			isa = PBXResourcesBuildPhase;
			buildActionMask = 2147483647;
			files = (
				ABA26DB624EA7F91003E9872 /* LaunchScreen.storyboard in Resources */,
				ABA26DB324EA7F91003E9872 /* Assets.xcassets in Resources */,
				ABA26DB124EA7F8F003E9872 /* Main.storyboard in Resources */,
			);
			runOnlyForDeploymentPostprocessing = 0;
		};
/* End PBXResourcesBuildPhase section */

/* Begin PBXSourcesBuildPhase section */
		ABA26DA224EA7F8F003E9872 /* Sources */ = {
			isa = PBXSourcesBuildPhase;
			buildActionMask = 2147483647;
			files = (
				ABA26DAE24EA7F8F003E9872 /* ViewController.swift in Sources */,
				ABA26DAA24EA7F8F003E9872 /* AppDelegate.swift in Sources */,
				ABA26DAC24EA7F8F003E9872 /* SceneDelegate.swift in Sources */,
				ABA26DC224EA9E99003E9872 /* martTableViewController.swift in Sources */,
			);
			runOnlyForDeploymentPostprocessing = 0;
		};
/* End PBXSourcesBuildPhase section */

/* Begin PBXVariantGroup section */
		ABA26DAF24EA7F8F003E9872 /* Main.storyboard */ = {
			isa = PBXVariantGroup;
			children = (
				ABA26DB024EA7F8F003E9872 /* Base */,
			);
			name = Main.storyboard;
			sourceTree = "<group>";
		};
		ABA26DB424EA7F91003E9872 /* LaunchScreen.storyboard */ = {
			isa = PBXVariantGroup;
			children = (
				ABA26DB524EA7F91003E9872 /* Base */,
			);
			name = LaunchScreen.storyboard;
			sourceTree = "<group>";
		};
/* End PBXVariantGroup section */

/* Begin XCBuildConfiguration section */
		ABA26DB824EA7F91003E9872 /* Debug */ = {
			isa = XCBuildConfiguration;
			buildSettings = {
				ALWAYS_SEARCH_USER_PATHS = NO;
				CLANG_ANALYZER_NONNULL = YES;
				CLANG_ANALYZER_NUMBER_OBJECT_CONVERSION = YES_AGGRESSIVE;
				CLANG_CXX_LANGUAGE_STANDARD = "gnu++14";
				CLANG_CXX_LIBRARY = "libc++";
				CLANG_ENABLE_MODULES = YES;
				CLANG_ENABLE_OBJC_ARC = YES;
				CLANG_ENABLE_OBJC_WEAK = YES;
				CLANG_WARN_BLOCK_CAPTURE_AUTORELEASING = YES;
				CLANG_WARN_BOOL_CONVERSION = YES;
				CLANG_WARN_COMMA = YES;
				CLANG_WARN_CONSTANT_CONVERSION = YES;
				CLANG_WARN_DEPRECATED_OBJC_IMPLEMENTATIONS = YES;
				CLANG_WARN_DIRECT_OBJC_ISA_USAGE = YES_ERROR;
				CLANG_WARN_DOCUMENTATION_COMMENTS = YES;
				CLANG_WARN_EMPTY_BODY = YES;
				CLANG_WARN_ENUM_CONVERSION = YES;
				CLANG_WARN_INFINITE_RECURSION = YES;
				CLANG_WARN_INT_CONVERSION = YES;
				CLANG_WARN_NON_LITERAL_NULL_CONVERSION = YES;
				CLANG_WARN_OBJC_IMPLICIT_RETAIN_SELF = YES;
				CLANG_WARN_OBJC_LITERAL_CONVERSION = YES;
				CLANG_WARN_OBJC_ROOT_CLASS = YES_ERROR;
				CLANG_WARN_QUOTED_INCLUDE_IN_FRAMEWORK_HEADER = YES;
				CLANG_WARN_RANGE_LOOP_ANALYSIS = YES;
				CLANG_WARN_STRICT_PROTOTYPES = YES;
				CLANG_WARN_SUSPICIOUS_MOVE = YES;
				CLANG_WARN_UNGUARDED_AVAILABILITY = YES_AGGRESSIVE;
				CLANG_WARN_UNREACHABLE_CODE = YES;
				CLANG_WARN__DUPLICATE_METHOD_MATCH = YES;
				COPY_PHASE_STRIP = NO;
				DEBUG_INFORMATION_FORMAT = dwarf;
				ENABLE_STRICT_OBJC_MSGSEND = YES;
				ENABLE_TESTABILITY = YES;
				GCC_C_LANGUAGE_STANDARD = gnu11;
				GCC_DYNAMIC_NO_PIC = NO;
				GCC_NO_COMMON_BLOCKS = YES;
				GCC_OPTIMIZATION_LEVEL = 0;
				GCC_PREPROCESSOR_DEFINITIONS = (
					"DEBUG=1",
					"$(inherited)",
				);
				GCC_WARN_64_TO_32_BIT_CONVERSION = YES;
				GCC_WARN_ABOUT_RETURN_TYPE = YES_ERROR;
				GCC_WARN_UNDECLARED_SELECTOR = YES;
				GCC_WARN_UNINITIALIZED_AUTOS = YES_AGGRESSIVE;
				GCC_WARN_UNUSED_FUNCTION = YES;
				GCC_WARN_UNUSED_VARIABLE = YES;
				IPHONEOS_DEPLOYMENT_TARGET = 14.0;
				MTL_ENABLE_DEBUG_INFO = INCLUDE_SOURCE;
				MTL_FAST_MATH = YES;
				ONLY_ACTIVE_ARCH = YES;
				SDKROOT = iphoneos;
				SWIFT_ACTIVE_COMPILATION_CONDITIONS = DEBUG;
				SWIFT_OPTIMIZATION_LEVEL = "-Onone";
			};
			name = Debug;
		};
		ABA26DB924EA7F91003E9872 /* Release */ = {
			isa = XCBuildConfiguration;
			buildSettings = {
				ALWAYS_SEARCH_USER_PATHS = NO;
				CLANG_ANALYZER_NONNULL = YES;
				CLANG_ANALYZER_NUMBER_OBJECT_CONVERSION = YES_AGGRESSIVE;
				CLANG_CXX_LANGUAGE_STANDARD = "gnu++14";
				CLANG_CXX_LIBRARY = "libc++";
				CLANG_ENABLE_MODULES = YES;
				CLANG_ENABLE_OBJC_ARC = YES;
				CLANG_ENABLE_OBJC_WEAK = YES;
				CLANG_WARN_BLOCK_CAPTURE_AUTORELEASING = YES;
				CLANG_WARN_BOOL_CONVERSION = YES;
				CLANG_WARN_COMMA = YES;
				CLANG_WARN_CONSTANT_CONVERSION = YES;
				CLANG_WARN_DEPRECATED_OBJC_IMPLEMENTATIONS = YES;
				CLANG_WARN_DIRECT_OBJC_ISA_USAGE = YES_ERROR;
				CLANG_WARN_DOCUMENTATION_COMMENTS = YES;
				CLANG_WARN_EMPTY_BODY = YES;
				CLANG_WARN_ENUM_CONVERSION = YES;
				CLANG_WARN_INFINITE_RECURSION = YES;
				CLANG_WARN_INT_CONVERSION = YES;
				CLANG_WARN_NON_LITERAL_NULL_CONVERSION = YES;
				CLANG_WARN_OBJC_IMPLICIT_RETAIN_SELF = YES;
				CLANG_WARN_OBJC_LITERAL_CONVERSION = YES;
				CLANG_WARN_OBJC_ROOT_CLASS = YES_ERROR;
				CLANG_WARN_QUOTED_INCLUDE_IN_FRAMEWORK_HEADER = YES;
				CLANG_WARN_RANGE_LOOP_ANALYSIS = YES;
				CLANG_WARN_STRICT_PROTOTYPES = YES;
				CLANG_WARN_SUSPICIOUS_MOVE = YES;
				CLANG_WARN_UNGUARDED_AVAILABILITY = YES_AGGRESSIVE;
				CLANG_WARN_UNREACHABLE_CODE = YES;
				CLANG_WARN__DUPLICATE_METHOD_MATCH = YES;
				COPY_PHASE_STRIP = NO;
				DEBUG_INFORMATION_FORMAT = "dwarf-with-dsym";
				ENABLE_NS_ASSERTIONS = NO;
				ENABLE_STRICT_OBJC_MSGSEND = YES;
				GCC_C_LANGUAGE_STANDARD = gnu11;
				GCC_NO_COMMON_BLOCKS = YES;
				GCC_WARN_64_TO_32_BIT_CONVERSION = YES;
				GCC_WARN_ABOUT_RETURN_TYPE = YES_ERROR;
				GCC_WARN_UNDECLARED_SELECTOR = YES;
				GCC_WARN_UNINITIALIZED_AUTOS = YES_AGGRESSIVE;
				GCC_WARN_UNUSED_FUNCTION = YES;
				GCC_WARN_UNUSED_VARIABLE = YES;
				IPHONEOS_DEPLOYMENT_TARGET = 14.0;
				MTL_ENABLE_DEBUG_INFO = NO;
				MTL_FAST_MATH = YES;
				SDKROOT = iphoneos;
				SWIFT_COMPILATION_MODE = wholemodule;
				SWIFT_OPTIMIZATION_LEVEL = "-O";
				VALIDATE_PRODUCT = YES;
			};
			name = Release;
		};
		ABA26DBB24EA7F91003E9872 /* Debug */ = {
			isa = XCBuildConfiguration;
			buildSettings = {
				ASSETCATALOG_COMPILER_APPICON_NAME = AppIcon;
				ASSETCATALOG_COMPILER_GLOBAL_ACCENT_COLOR_NAME = AccentColor;
				CODE_SIGN_STYLE = Automatic;
				DEVELOPMENT_TEAM = D32SCUNMH5;
				INFOPLIST_FILE = shopping/Info.plist;
				LD_RUNPATH_SEARCH_PATHS = (
					"$(inherited)",
					"@executable_path/Frameworks",
				);
				PRODUCT_BUNDLE_IDENTIFIER = com.emma.shopping;
				PRODUCT_NAME = "$(TARGET_NAME)";
				SWIFT_VERSION = 5.0;
				TARGETED_DEVICE_FAMILY = "1,2";
			};
			name = Debug;
		};
		ABA26DBC24EA7F91003E9872 /* Release */ = {
			isa = XCBuildConfiguration;
			buildSettings = {
				ASSETCATALOG_COMPILER_APPICON_NAME = AppIcon;
				ASSETCATALOG_COMPILER_GLOBAL_ACCENT_COLOR_NAME = AccentColor;
				CODE_SIGN_STYLE = Automatic;
				DEVELOPMENT_TEAM = D32SCUNMH5;
				INFOPLIST_FILE = shopping/Info.plist;
				LD_RUNPATH_SEARCH_PATHS = (
					"$(inherited)",
					"@executable_path/Frameworks",
				);
				PRODUCT_BUNDLE_IDENTIFIER = com.emma.shopping;
				PRODUCT_NAME = "$(TARGET_NAME)";
				SWIFT_VERSION = 5.0;
				TARGETED_DEVICE_FAMILY = "1,2";
			};
			name = Release;
		};
/* End XCBuildConfiguration section */

/* Begin XCConfigurationList section */
		ABA26DA124EA7F8F003E9872 /* Build configuration list for PBXProject "shopping" */ = {
			isa = XCConfigurationList;
			buildConfigurations = (
				ABA26DB824EA7F91003E9872 /* Debug */,
				ABA26DB924EA7F91003E9872 /* Release */,
			);
			defaultConfigurationIsVisible = 0;
			defaultConfigurationName = Release;
		};
		ABA26DBA24EA7F91003E9872 /* Build configuration list for PBXNativeTarget "shopping" */ = {
			isa = XCConfigurationList;
			buildConfigurations = (
				ABA26DBB24EA7F91003E9872 /* Debug */,
				ABA26DBC24EA7F91003E9872 /* Release */,
			);
			defaultConfigurationIsVisible = 0;
			defaultConfigurationName = Release;
		};
/* End XCConfigurationList section */
	};
	rootObject = ABA26D9E24EA7F8F003E9872 /* Project object */;
}
